
Microsoft Visual Studio Solution File, Format Version 12.00
# Visual Studio 15
VisualStudioVersion = 15.0.28010.2046
MinimumVisualStudioVersion = 10.0.40219.1
Project("{FAE04EC0-301F-11D3-BF4B-00C04F79EFBC}") = "MyIdentityProject.UI", "MyIdentityProject.UI\MyIdentityProject.UI.csproj", "{74712FDE-FFC5-436E-9606-CA8C073D8920}"
EndProject
Global
	GlobalSection(SolutionConfigurationPlatforms) = preSolution
		Debug|Any CPU = Debug|Any CPU
		Release|Any CPU = Release|Any CPU
	EndGlobalSection
	GlobalSection(ProjectConfigurationPlatforms) = postSolution
		{74712FDE-FFC5-436E-9606-CA8C073D8920}.Debug|Any CPU.ActiveCfg = Debug|Any CPU
		{74712FDE-FFC5-436E-9606-CA8C073D8920}.Debug|Any CPU.Build.0 = Debug|Any CPU
		{74712FDE-FFC5-436E-9606-CA8C073D8920}.Release|Any CPU.ActiveCfg = Release|Any CPU
		{74712FDE-FFC5-436E-9606-CA8C073D8920}.Release|Any CPU.Build.0 = Release|Any CPU
	EndGlobalSection
	GlobalSection(SolutionProperties) = preSolution
		HideSolutionNode = FALSE
	EndGlobalSection
	GlobalSection(ExtensibilityGlobals) = postSolution
		SolutionGuid = {BE3C9D82-DCD5-44D5-8DED-E7DFD06B4667}
	EndGlobalSection
EndGlobal
